PODS:
  - EFColorPicker (1.2.0)
  - SwiftIcons (2.3.2)
  - SwiftSocket (2.0.2)

DEPENDENCIES:
  - EFColorPicker
  - SwiftIcons (~> 2.3.2)
  - SwiftSocket

SPEC REPOS:
  https://github.com/cocoapods/specs.git:
    - EFColorPicker
    - SwiftIcons
    - SwiftSocket

SPEC CHECKSUMS:
  EFColorPicker: 1af455606b2c8e6af2cfa6791348f1cbaff609ee
  SwiftIcons: e652cfd2676441c462ad57b6e92977faf577e590
  SwiftSocket: 6f4c9c63fbc5c1d61188936bb3c599fd546f40ae

PODFILE CHECKSUM: 7f2188dd628474c80e6056c4695fcde2e1c349b8

COCOAPODS: 1.5.3
