// !$*UTF8*$!
{
	archiveVersion = 1;
	classes = {
	};
	objectVersion = 50;
	objects = {

/* Begin PBXBuildFile section */
		0A978121FC0E515ED3BFCB34 /* Pods_AVLightingToolkitUITests.framework in Frameworks */ = {isa = PBXBuildFile; fileRef = BF0FCB5BF9B7DF121F231B37 /* Pods_AVLightingToolkitUITests.framework */; };
		5A9245D22224C92000DF9037 /* Assets.xcassets in Resources */ = {isa = PBXBuildFile; fileRef = 5A9245D12224C92000DF9037 /* Assets.xcassets */; };
		5A92461F2224DDA700DF9037 /* EFColorComponentView.swift in Sources */ = {isa = PBXBuildFile; fileRef = 5A9246142224DDA600DF9037 /* EFColorComponentView.swift */; };
		5A9246202224DDA700DF9037 /* EFControl.swift in Sources */ = {isa = PBXBuildFile; fileRef = 5A9246152224DDA600DF9037 /* EFControl.swift */; };
		5A9246212224DDA700DF9037 /* EFColorSelectionView.swift in Sources */ = {isa = PBXBuildFile; fileRef = 5A9246162224DDA600DF9037 /* EFColorSelectionView.swift */; };
		5A9246222224DDA700DF9037 /* EFColorWheelView.swift in Sources */ = {isa = PBXBuildFile; fileRef = 5A9246172224DDA700DF9037 /* EFColorWheelView.swift */; };
		5A9246232224DDA700DF9037 /* EFRGBView.swift in Sources */ = {isa = PBXBuildFile; fileRef = 5A9246182224DDA700DF9037 /* EFRGBView.swift */; };
		5A9246242224DDA700DF9037 /* EFColorSelectionViewController.swift in Sources */ = {isa = PBXBuildFile; fileRef = 5A9246192224DDA700DF9037 /* EFColorSelectionViewController.swift */; };
		5A9246252224DDA700DF9037 /* EFSliderView.swift in Sources */ = {isa = PBXBuildFile; fileRef = 5A92461A2224DDA700DF9037 /* EFSliderView.swift */; };
		5A9246262224DDA700DF9037 /* EFThumbView.swift in Sources */ = {isa = PBXBuildFile; fileRef = 5A92461B2224DDA700DF9037 /* EFThumbView.swift */; };
		5A9246272224DDA700DF9037 /* EFColorView.swift in Sources */ = {isa = PBXBuildFile; fileRef = 5A92461C2224DDA700DF9037 /* EFColorView.swift */; };
		5A9246282224DDA700DF9037 /* EFHSBView.swift in Sources */ = {isa = PBXBuildFile; fileRef = 5A92461D2224DDA700DF9037 /* EFHSBView.swift */; };
		5A9246292224DDA700DF9037 /* EFColorUtils.swift in Sources */ = {isa = PBXBuildFile; fileRef = 5A92461E2224DDA700DF9037 /* EFColorUtils.swift */; };
		7E1C3D0521D72DD700278D29 /* EditLightPatternVC.swift in Sources */ = {isa = PBXBuildFile; fileRef = 7E1C3D0421D72DD700278D29 /* EditLightPatternVC.swift */; };
		7E2AD8C221DF835C006469D5 /* LightPatternTableViewCell.swift in Sources */ = {isa = PBXBuildFile; fileRef = 7E2AD8C121DF835C006469D5 /* LightPatternTableViewCell.swift */; };
		7E2AD8C421DF8384006469D5 /* AddLightPatternToContextTableViewCell.swift in Sources */ = {isa = PBXBuildFile; fileRef = 7E2AD8C321DF8384006469D5 /* AddLightPatternToContextTableViewCell.swift */; };
		7E2AD8C621DF83B3006469D5 /* AllLightPatternTableViewCell.swift in Sources */ = {isa = PBXBuildFile; fileRef = 7E2AD8C521DF83B3006469D5 /* AllLightPatternTableViewCell.swift */; };
		7E2AD8C821E0449A006469D5 /* EditLightPatternTableViewCell.swift in Sources */ = {isa = PBXBuildFile; fileRef = 7E2AD8C721E0449A006469D5 /* EditLightPatternTableViewCell.swift */; };
		7E378BD521DDBA5D00E69B09 /* LightPatternVC.swift in Sources */ = {isa = PBXBuildFile; fileRef = 7E378BD421DDBA5D00E69B09 /* LightPatternVC.swift */; };
		7E41B027223FC84700E63BC8 /* UnityCommunication.swift in Sources */ = {isa = PBXBuildFile; fileRef = 7E41B026223FC84700E63BC8 /* UnityCommunication.swift */; };
		7E41B02A223FCACB00E63BC8 /* UDPBroadcastConnection.swift in Sources */ = {isa = PBXBuildFile; fileRef = 7E41B029223FCACB00E63BC8 /* UDPBroadcastConnection.swift */; };
		7E4F831121D8E90900188CE6 /* PersistentUtils.swift in Sources */ = {isa = PBXBuildFile; fileRef = 7E4F831021D8E90900188CE6 /* PersistentUtils.swift */; };
		7E5AF15D21DDA8BE009AD327 /* MasterVC.swift in Sources */ = {isa = PBXBuildFile; fileRef = 7E5AF15C21DDA8BE009AD327 /* MasterVC.swift */; };
		7E5AF16121DDAF1B009AD327 /* MasterListTableVIewCell.swift in Sources */ = {isa = PBXBuildFile; fileRef = 7E5AF16021DDAF1B009AD327 /* MasterListTableVIewCell.swift */; };
		7E69890C21C21E1F00BDBE8C /* ContextHeaderView.swift in Sources */ = {isa = PBXBuildFile; fileRef = 7E69890B21C21E1F00BDBE8C /* ContextHeaderView.swift */; };
		7E69890E21C21E7B00BDBE8C /* ContextHeaderView.xib in Resources */ = {isa = PBXBuildFile; fileRef = 7E69890D21C21E7B00BDBE8C /* ContextHeaderView.xib */; };
		7E73D32C21CF6100003A4C22 /* CoreDataStack.swift in Sources */ = {isa = PBXBuildFile; fileRef = 7E73D32B21CF6100003A4C22 /* CoreDataStack.swift */; };
		7E86427221ED56D300DEE207 /* ColorPaletteView.swift in Sources */ = {isa = PBXBuildFile; fileRef = 7E86427121ED56D300DEE207 /* ColorPaletteView.swift */; };
		7E86427421ED57B100DEE207 /* ColorPaletteView.xib in Resources */ = {isa = PBXBuildFile; fileRef = 7E86427321ED57B100DEE207 /* ColorPaletteView.xib */; };
		7E86427621ED5E8200DEE207 /* UIColor+CoreData.swift in Sources */ = {isa = PBXBuildFile; fileRef = 7E86427521ED5E8200DEE207 /* UIColor+CoreData.swift */; };
		7E86427821ED8FBD00DEE207 /* ColorPaletteVC.swift in Sources */ = {isa = PBXBuildFile; fileRef = 7E86427721ED8FBD00DEE207 /* ColorPaletteVC.swift */; };
		7E86427A21ED907200DEE207 /* ColorPaletteVC.xib in Resources */ = {isa = PBXBuildFile; fileRef = 7E86427921ED907200DEE207 /* ColorPaletteVC.xib */; };
		7E86427C21EDB3D000DEE207 /* ColorPaletteEditView.xib in Resources */ = {isa = PBXBuildFile; fileRef = 7E86427B21EDB3D000DEE207 /* ColorPaletteEditView.xib */; };
		7E86427E21EDB54600DEE207 /* ColorPaletteEditView.swift in Sources */ = {isa = PBXBuildFile; fileRef = 7E86427D21EDB54600DEE207 /* ColorPaletteEditView.swift */; };
		7E8D8BE221CB88180051FF3B /* ImageUtils.swift in Sources */ = {isa = PBXBuildFile; fileRef = 7E8D8BE021CB88180051FF3B /* ImageUtils.swift */; };
		7E8D8BE521CB88560051FF3B /* UIViewController+HideKeyboard.swift in Sources */ = {isa = PBXBuildFile; fileRef = 7E8D8BE421CB88560051FF3B /* UIViewController+HideKeyboard.swift */; };
		7E8D8BE721CB885F0051FF3B /* OverlayViewController.swift in Sources */ = {isa = PBXBuildFile; fileRef = 7E8D8BE621CB885F0051FF3B /* OverlayViewController.swift */; };
		7E8D8BE921CB889F0051FF3B /* EditContextVC.swift in Sources */ = {isa = PBXBuildFile; fileRef = 7E8D8BE821CB889F0051FF3B /* EditContextVC.swift */; };
		7ED0979421DC76BE00F4A13B /* ContextViewModel.swift in Sources */ = {isa = PBXBuildFile; fileRef = 7ED0979321DC76BE00F4A13B /* ContextViewModel.swift */; };
		7ED0979621DCD57000F4A13B /* LightPatternViewModel.swift in Sources */ = {isa = PBXBuildFile; fileRef = 7ED0979521DCD57000F4A13B /* LightPatternViewModel.swift */; };
		7ED93E0121BA1253008EC776 /* AppDelegate.swift in Sources */ = {isa = PBXBuildFile; fileRef = 7ED93E0021BA1253008EC776 /* AppDelegate.swift */; };
		7ED93E0321BA1253008EC776 /* ContextLightPatternListVC.swift in Sources */ = {isa = PBXBuildFile; fileRef = 7ED93E0221BA1253008EC776 /* ContextLightPatternListVC.swift */; };
		7ED93E0621BA1253008EC776 /* Main.storyboard in Resources */ = {isa = PBXBuildFile; fileRef = 7ED93E0421BA1253008EC776 /* Main.storyboard */; };
		7ED93E0921BA1253008EC776 /* AVLightingToolkit.xcdatamodeld in Sources */ = {isa = PBXBuildFile; fileRef = 7ED93E0721BA1253008EC776 /* AVLightingToolkit.xcdatamodeld */; };
		7ED93E0E21BA1256008EC776 /* LaunchScreen.storyboard in Resources */ = {isa = PBXBuildFile; fileRef = 7ED93E0C21BA1256008EC776 /* LaunchScreen.storyboard */; };
		7ED93E1921BA1257008EC776 /* AVLightingToolkitTests.swift in Sources */ = {isa = PBXBuildFile; fileRef = 7ED93E1821BA1257008EC776 /* AVLightingToolkitTests.swift */; };
		7ED93E2421BA1257008EC776 /* AVLightingToolkitUITests.swift in Sources */ = {isa = PBXBuildFile; fileRef = 7ED93E2321BA1257008EC776 /* AVLightingToolkitUITests.swift */; };
		7ED946CB21CBA3AC006A66A9 /* LightPattern+CoreDataClass.swift in Sources */ = {isa = PBXBuildFile; fileRef = 7ED946C721CBA3AC006A66A9 /* LightPattern+CoreDataClass.swift */; };
		7ED946CC21CBA3AC006A66A9 /* LightPattern+CoreDataProperties.swift in Sources */ = {isa = PBXBuildFile; fileRef = 7ED946C821CBA3AC006A66A9 /* LightPattern+CoreDataProperties.swift */; };
		7ED946CD21CBA3AC006A66A9 /* Context+CoreDataClass.swift in Sources */ = {isa = PBXBuildFile; fileRef = 7ED946C921CBA3AC006A66A9 /* Context+CoreDataClass.swift */; };
		7ED946CE21CBA3AC006A66A9 /* Context+CoreDataProperties.swift in Sources */ = {isa = PBXBuildFile; fileRef = 7ED946CA21CBA3AC006A66A9 /* Context+CoreDataProperties.swift */; };
		7EF0902C21D642F4002D7DBB /* LEDController.swift in Sources */ = {isa = PBXBuildFile; fileRef = 7EF0902B21D642F4002D7DBB /* LEDController.swift */; };
		AF18C04D81C3046E9794C787 /* Pods_AVLightingToolkitTests.framework in Frameworks */ = {isa = PBXBuildFile; fileRef = AE4CED09F2E53963E6E22CE8 /* Pods_AVLightingToolkitTests.framework */; };
		E0192222A89B24A6B9145E10 /* Pods_AVLightingToolkit.framework in Frameworks */ = {isa = PBXBuildFile; fileRef = 96BE48C8B1FF7E814E8EA711 /* Pods_AVLightingToolkit.framework */; };
/* End PBXBuildFile section */

/* Begin PBXContainerItemProxy section */
		7ED93E1521BA1257008EC776 /* PBXContainerItemProxy */ = {
			isa = PBXContainerItemProxy;
			containerPortal = 7ED93DF521BA1252008EC776 /* Project object */;
			proxyType = 1;
			remoteGlobalIDString = 7ED93DFC21BA1252008EC776;
			remoteInfo = AVLightingToolkit;
		};
		7ED93E2021BA1257008EC776 /* PBXContainerItemProxy */ = {
			isa = PBXContainerItemProxy;
			containerPortal = 7ED93DF521BA1252008EC776 /* Project object */;
			proxyType = 1;
			remoteGlobalIDString = 7ED93DFC21BA1252008EC776;
			remoteInfo = AVLightingToolkit;
		};
/* End PBXContainerItemProxy section */

/* Begin PBXFileReference section */
		27057838E3CF1A5FE8BAAC6F /* Pods-AVLightingToolkit.release.xcconfig */ = {isa = PBXFileReference; includeInIndex = 1; lastKnownFileType = text.xcconfig; name = "Pods-AVLightingToolkit.release.xcconfig"; path = "Pods/Target Support Files/Pods-AVLightingToolkit/Pods-AVLightingToolkit.release.xcconfig"; sourceTree = "<group>"; };
		2DEBE18874CC444EFC1B3C88 /* Pods-AVLightingToolkit.debug.xcconfig */ = {isa = PBXFileReference; includeInIndex = 1; lastKnownFileType = text.xcconfig; name = "Pods-AVLightingToolkit.debug.xcconfig"; path = "Pods/Target Support Files/Pods-AVLightingToolkit/Pods-AVLightingToolkit.debug.xcconfig"; sourceTree = "<group>"; };
		5A9245D12224C92000DF9037 /* Assets.xcassets */ = {isa = PBXFileReference; lastKnownFileType = folder.assetcatalog; path = Assets.xcassets; sourceTree = "<group>"; };
		5A9246142224DDA600DF9037 /* EFColorComponentView.swift */ = {isa = PBXFileReference; fileEncoding = 4; lastKnownFileType = sourcecode.swift; path = EFColorComponentView.swift; sourceTree = "<group>"; };
		5A9246152224DDA600DF9037 /* EFControl.swift */ = {isa = PBXFileReference; fileEncoding = 4; lastKnownFileType = sourcecode.swift; path = EFControl.swift; sourceTree = "<group>"; };
		5A9246162224DDA600DF9037 /* EFColorSelectionView.swift */ = {isa = PBXFileReference; fileEncoding = 4; lastKnownFileType = sourcecode.swift; path = EFColorSelectionView.swift; sourceTree = "<group>"; };
		5A9246172224DDA700DF9037 /* EFColorWheelView.swift */ = {isa = PBXFileReference; fileEncoding = 4; lastKnownFileType = sourcecode.swift; path = EFColorWheelView.swift; sourceTree = "<group>"; };
		5A9246182224DDA700DF9037 /* EFRGBView.swift */ = {isa = PBXFileReference; fileEncoding = 4; lastKnownFileType = sourcecode.swift; path = EFRGBView.swift; sourceTree = "<group>"; };
		5A9246192224DDA700DF9037 /* EFColorSelectionViewController.swift */ = {isa = PBXFileReference; fileEncoding = 4; lastKnownFileType = sourcecode.swift; path = EFColorSelectionViewController.swift; sourceTree = "<group>"; };
		5A92461A2224DDA700DF9037 /* EFSliderView.swift */ = {isa = PBXFileReference; fileEncoding = 4; lastKnownFileType = sourcecode.swift; path = EFSliderView.swift; sourceTree = "<group>"; };
		5A92461B2224DDA700DF9037 /* EFThumbView.swift */ = {isa = PBXFileReference; fileEncoding = 4; lastKnownFileType = sourcecode.swift; path = EFThumbView.swift; sourceTree = "<group>"; };
		5A92461C2224DDA700DF9037 /* EFColorView.swift */ = {isa = PBXFileReference; fileEncoding = 4; lastKnownFileType = sourcecode.swift; path = EFColorView.swift; sourceTree = "<group>"; };
		5A92461D2224DDA700DF9037 /* EFHSBView.swift */ = {isa = PBXFileReference; fileEncoding = 4; lastKnownFileType = sourcecode.swift; path = EFHSBView.swift; sourceTree = "<group>"; };
		5A92461E2224DDA700DF9037 /* EFColorUtils.swift */ = {isa = PBXFileReference; fileEncoding = 4; lastKnownFileType = sourcecode.swift; path = EFColorUtils.swift; sourceTree = "<group>"; };
		6FDE02D8E8A7FA62AB668ECC /* Pods-AVLightingToolkitTests.debug.xcconfig */ = {isa = PBXFileReference; includeInIndex = 1; lastKnownFileType = text.xcconfig; name = "Pods-AVLightingToolkitTests.debug.xcconfig"; path = "Pods/Target Support Files/Pods-AVLightingToolkitTests/Pods-AVLightingToolkitTests.debug.xcconfig"; sourceTree = "<group>"; };
		7E1C3D0421D72DD700278D29 /* EditLightPatternVC.swift */ = {isa = PBXFileReference; lastKnownFileType = sourcecode.swift; path = EditLightPatternVC.swift; sourceTree = "<group>"; };
		7E2AD8C121DF835C006469D5 /* LightPatternTableViewCell.swift */ = {isa = PBXFileReference; fileEncoding = 4; lastKnownFileType = sourcecode.swift; path = LightPatternTableViewCell.swift; sourceTree = "<group>"; };
		7E2AD8C321DF8384006469D5 /* AddLightPatternToContextTableViewCell.swift */ = {isa = PBXFileReference; fileEncoding = 4; lastKnownFileType = sourcecode.swift; path = AddLightPatternToContextTableViewCell.swift; sourceTree = "<group>"; };
		7E2AD8C521DF83B3006469D5 /* AllLightPatternTableViewCell.swift */ = {isa = PBXFileReference; fileEncoding = 4; lastKnownFileType = sourcecode.swift; path = AllLightPatternTableViewCell.swift; sourceTree = "<group>"; };
		7E2AD8C721E0449A006469D5 /* EditLightPatternTableViewCell.swift */ = {isa = PBXFileReference; lastKnownFileType = sourcecode.swift; path = EditLightPatternTableViewCell.swift; sourceTree = "<group>"; };
		7E378BD421DDBA5D00E69B09 /* LightPatternVC.swift */ = {isa = PBXFileReference; lastKnownFileType = sourcecode.swift; path = LightPatternVC.swift; sourceTree = "<group>"; };
		7E41B026223FC84700E63BC8 /* UnityCommunication.swift */ = {isa = PBXFileReference; lastKnownFileType = sourcecode.swift; path = UnityCommunication.swift; sourceTree = "<group>"; };
		7E41B028223FCACB00E63BC8 /* UDPBroadcast.h */ = {isa = PBXFileReference; fileEncoding = 4; lastKnownFileType = sourcecode.c.h; path = UDPBroadcast.h; sourceTree = "<group>"; };
		7E41B029223FCACB00E63BC8 /* UDPBroadcastConnection.swift */ = {isa = PBXFileReference; fileEncoding = 4; lastKnownFileType = sourcecode.swift; path = UDPBroadcastConnection.swift; sourceTree = "<group>"; };
		7E4F831021D8E90900188CE6 /* PersistentUtils.swift */ = {isa = PBXFileReference; lastKnownFileType = sourcecode.swift; path = PersistentUtils.swift; sourceTree = "<group>"; };
		7E5AF15C21DDA8BE009AD327 /* MasterVC.swift */ = {isa = PBXFileReference; lastKnownFileType = sourcecode.swift; path = MasterVC.swift; sourceTree = "<group>"; };
		7E5AF16021DDAF1B009AD327 /* MasterListTableVIewCell.swift */ = {isa = PBXFileReference; lastKnownFileType = sourcecode.swift; path = MasterListTableVIewCell.swift; sourceTree = "<group>"; };
		7E69890B21C21E1F00BDBE8C /* ContextHeaderView.swift */ = {isa = PBXFileReference; lastKnownFileType = sourcecode.swift; path = ContextHeaderView.swift; sourceTree = "<group>"; };
		7E69890D21C21E7B00BDBE8C /* ContextHeaderView.xib */ = {isa = PBXFileReference; lastKnownFileType = file.xib; path = ContextHeaderView.xib; sourceTree = "<group>"; };
		7E73D32B21CF6100003A4C22 /* CoreDataStack.swift */ = {isa = PBXFileReference; fileEncoding = 4; lastKnownFileType = sourcecode.swift; path = CoreDataStack.swift; sourceTree = "<group>"; };
		7E86427121ED56D300DEE207 /* ColorPaletteView.swift */ = {isa = PBXFileReference; lastKnownFileType = sourcecode.swift; path = ColorPaletteView.swift; sourceTree = "<group>"; };
		7E86427321ED57B100DEE207 /* ColorPaletteView.xib */ = {isa = PBXFileReference; lastKnownFileType = file.xib; path = ColorPaletteView.xib; sourceTree = "<group>"; };
		7E86427521ED5E8200DEE207 /* UIColor+CoreData.swift */ = {isa = PBXFileReference; lastKnownFileType = sourcecode.swift; path = "UIColor+CoreData.swift"; sourceTree = "<group>"; };
		7E86427721ED8FBD00DEE207 /* ColorPaletteVC.swift */ = {isa = PBXFileReference; lastKnownFileType = sourcecode.swift; path = ColorPaletteVC.swift; sourceTree = "<group>"; };
		7E86427921ED907200DEE207 /* ColorPaletteVC.xib */ = {isa = PBXFileReference; fileEncoding = 4; lastKnownFileType = file.xib; path = ColorPaletteVC.xib; sourceTree = "<group>"; };
		7E86427B21EDB3D000DEE207 /* ColorPaletteEditView.xib */ = {isa = PBXFileReference; lastKnownFileType = file.xib; path = ColorPaletteEditView.xib; sourceTree = "<group>"; };
		7E86427D21EDB54600DEE207 /* ColorPaletteEditView.swift */ = {isa = PBXFileReference; fileEncoding = 4; lastKnownFileType = sourcecode.swift; path = ColorPaletteEditView.swift; sourceTree = "<group>"; };
		7E8D8BE021CB88180051FF3B /* ImageUtils.swift */ = {isa = PBXFileReference; fileEncoding = 4; lastKnownFileType = sourcecode.swift; path = ImageUtils.swift; sourceTree = "<group>"; };
		7E8D8BE421CB88560051FF3B /* UIViewController+HideKeyboard.swift */ = {isa = PBXFileReference; fileEncoding = 4; lastKnownFileType = sourcecode.swift; path = "UIViewController+HideKeyboard.swift"; sourceTree = "<group>"; };
		7E8D8BE621CB885F0051FF3B /* OverlayViewController.swift */ = {isa = PBXFileReference; fileEncoding = 4; lastKnownFileType = sourcecode.swift; path = OverlayViewController.swift; sourceTree = "<group>"; };
		7E8D8BE821CB889F0051FF3B /* EditContextVC.swift */ = {isa = PBXFileReference; fileEncoding = 4; lastKnownFileType = sourcecode.swift; path = EditContextVC.swift; sourceTree = "<group>"; };
		7ED0979321DC76BE00F4A13B /* ContextViewModel.swift */ = {isa = PBXFileReference; lastKnownFileType = sourcecode.swift; path = ContextViewModel.swift; sourceTree = "<group>"; };
		7ED0979521DCD57000F4A13B /* LightPatternViewModel.swift */ = {isa = PBXFileReference; lastKnownFileType = sourcecode.swift; path = LightPatternViewModel.swift; sourceTree = "<group>"; };
		7ED93DFD21BA1253008EC776 /* AVLightingToolkit.app */ = {isa = PBXFileReference; explicitFileType = wrapper.application; includeInIndex = 0; path = AVLightingToolkit.app; sourceTree = BUILT_PRODUCTS_DIR; };
		7ED93E0021BA1253008EC776 /* AppDelegate.swift */ = {isa = PBXFileReference; lastKnownFileType = sourcecode.swift; path = AppDelegate.swift; sourceTree = "<group>"; };
		7ED93E0221BA1253008EC776 /* ContextLightPatternListVC.swift */ = {isa = PBXFileReference; lastKnownFileType = sourcecode.swift; path = ContextLightPatternListVC.swift; sourceTree = "<group>"; };
		7ED93E0521BA1253008EC776 /* Base */ = {isa = PBXFileReference; lastKnownFileType = file.storyboard; name = Base; path = Base.lproj/Main.storyboard; sourceTree = "<group>"; };
		7ED93E0821BA1253008EC776 /* AVLightingToolkit.xcdatamodel */ = {isa = PBXFileReference; lastKnownFileType = wrapper.xcdatamodel; path = AVLightingToolkit.xcdatamodel; sourceTree = "<group>"; };
		7ED93E0D21BA1256008EC776 /* Base */ = {isa = PBXFileReference; lastKnownFileType = file.storyboard; name = Base; path = Base.lproj/LaunchScreen.storyboard; sourceTree = "<group>"; };
		7ED93E0F21BA1256008EC776 /* Info.plist */ = {isa = PBXFileReference; lastKnownFileType = text.plist.xml; path = Info.plist; sourceTree = "<group>"; };
		7ED93E1421BA1257008EC776 /* AVLightingToolkitTests.xctest */ = {isa = PBXFileReference; explicitFileType = wrapper.cfbundle; includeInIndex = 0; path = AVLightingToolkitTests.xctest; sourceTree = BUILT_PRODUCTS_DIR; };
		7ED93E1821BA1257008EC776 /* AVLightingToolkitTests.swift */ = {isa = PBXFileReference; lastKnownFileType = sourcecode.swift; path = AVLightingToolkitTests.swift; sourceTree = "<group>"; };
		7ED93E1A21BA1257008EC776 /* Info.plist */ = {isa = PBXFileReference; lastKnownFileType = text.plist.xml; path = Info.plist; sourceTree = "<group>"; };
		7ED93E1F21BA1257008EC776 /* AVLightingToolkitUITests.xctest */ = {isa = PBXFileReference; explicitFileType = wrapper.cfbundle; includeInIndex = 0; path = AVLightingToolkitUITests.xctest; sourceTree = BUILT_PRODUCTS_DIR; };
		7ED93E2321BA1257008EC776 /* AVLightingToolkitUITests.swift */ = {isa = PBXFileReference; lastKnownFileType = sourcecode.swift; path = AVLightingToolkitUITests.swift; sourceTree = "<group>"; };
		7ED93E2521BA1257008EC776 /* Info.plist */ = {isa = PBXFileReference; lastKnownFileType = text.plist.xml; path = Info.plist; sourceTree = "<group>"; };
		7ED946C721CBA3AC006A66A9 /* LightPattern+CoreDataClass.swift */ = {isa = PBXFileReference; lastKnownFileType = sourcecode.swift; path = "LightPattern+CoreDataClass.swift"; sourceTree = "<group>"; };
		7ED946C821CBA3AC006A66A9 /* LightPattern+CoreDataProperties.swift */ = {isa = PBXFileReference; lastKnownFileType = sourcecode.swift; path = "LightPattern+CoreDataProperties.swift"; sourceTree = "<group>"; };
		7ED946C921CBA3AC006A66A9 /* Context+CoreDataClass.swift */ = {isa = PBXFileReference; lastKnownFileType = sourcecode.swift; path = "Context+CoreDataClass.swift"; sourceTree = "<group>"; };
		7ED946CA21CBA3AC006A66A9 /* Context+CoreDataProperties.swift */ = {isa = PBXFileReference; lastKnownFileType = sourcecode.swift; path = "Context+CoreDataProperties.swift"; sourceTree = "<group>"; };
		7EF0902B21D642F4002D7DBB /* LEDController.swift */ = {isa = PBXFileReference; lastKnownFileType = sourcecode.swift; path = LEDController.swift; sourceTree = "<group>"; };
		924EB9446E16DB4F7C456D38 /* Pods-AVLightingToolkitUITests.release.xcconfig */ = {isa = PBXFileReference; includeInIndex = 1; lastKnownFileType = text.xcconfig; name = "Pods-AVLightingToolkitUITests.release.xcconfig"; path = "Pods/Target Support Files/Pods-AVLightingToolkitUITests/Pods-AVLightingToolkitUITests.release.xcconfig"; sourceTree = "<group>"; };
		96BE48C8B1FF7E814E8EA711 /* Pods_AVLightingToolkit.framework */ = {isa = PBXFileReference; explicitFileType = wrapper.framework; includeInIndex = 0; path = Pods_AVLightingToolkit.framework; sourceTree = BUILT_PRODUCTS_DIR; };
		AE4CED09F2E53963E6E22CE8 /* Pods_AVLightingToolkitTests.framework */ = {isa = PBXFileReference; explicitFileType = wrapper.framework; includeInIndex = 0; path = Pods_AVLightingToolkitTests.framework; sourceTree = BUILT_PRODUCTS_DIR; };
		BF0FCB5BF9B7DF121F231B37 /* Pods_AVLightingToolkitUITests.framework */ = {isa = PBXFileReference; explicitFileType = wrapper.framework; includeInIndex = 0; path = Pods_AVLightingToolkitUITests.framework; sourceTree = BUILT_PRODUCTS_DIR; };
		DDB72F21DB916486523787BD /* Pods-AVLightingToolkitTests.release.xcconfig */ = {isa = PBXFileReference; includeInIndex = 1; lastKnownFileType = text.xcconfig; name = "Pods-AVLightingToolkitTests.release.xcconfig"; path = "Pods/Target Support Files/Pods-AVLightingToolkitTests/Pods-AVLightingToolkitTests.release.xcconfig"; sourceTree = "<group>"; };
		E9287E1300DC0EE6F6A07950 /* Pods-AVLightingToolkitUITests.debug.xcconfig */ = {isa = PBXFileReference; includeInIndex = 1; lastKnownFileType = text.xcconfig; name = "Pods-AVLightingToolkitUITests.debug.xcconfig"; path = "Pods/Target Support Files/Pods-AVLightingToolkitUITests/Pods-AVLightingToolkitUITests.debug.xcconfig"; sourceTree = "<group>"; };
/* End PBXFileReference section */

/* Begin PBXFrameworksBuildPhase section */
		7ED93DFA21BA1252008EC776 /* Frameworks */ = {
			isa = PBXFrameworksBuildPhase;
			buildActionMask = 2147483647;
			files = (
				E0192222A89B24A6B9145E10 /* Pods_AVLightingToolkit.framework in Frameworks */,
			);
			runOnlyForDeploymentPostprocessing = 0;
		};
		7ED93E1121BA1257008EC776 /* Frameworks */ = {
			isa = PBXFrameworksBuildPhase;
			buildActionMask = 2147483647;
			files = (
				AF18C04D81C3046E9794C787 /* Pods_AVLightingToolkitTests.framework in Frameworks */,
			);
			runOnlyForDeploymentPostprocessing = 0;
		};
		7ED93E1C21BA1257008EC776 /* Frameworks */ = {
			isa = PBXFrameworksBuildPhase;
			buildActionMask = 2147483647;
			files = (
				0A978121FC0E515ED3BFCB34 /* Pods_AVLightingToolkitUITests.framework in Frameworks */,
			);
			runOnlyForDeploymentPostprocessing = 0;
		};
/* End PBXFrameworksBuildPhase section */

/* Begin PBXGroup section */
		1E79B181882EAF6FDA9E185C /* Frameworks */ = {
			isa = PBXGroup;
			children = (
				96BE48C8B1FF7E814E8EA711 /* Pods_AVLightingToolkit.framework */,
				AE4CED09F2E53963E6E22CE8 /* Pods_AVLightingToolkitTests.framework */,
				BF0FCB5BF9B7DF121F231B37 /* Pods_AVLightingToolkitUITests.framework */,
			);
			name = Frameworks;
			sourceTree = "<group>";
		};
		274DE2B114F8EADFE199A5B9 /* Pods */ = {
			isa = PBXGroup;
			children = (
				2DEBE18874CC444EFC1B3C88 /* Pods-AVLightingToolkit.debug.xcconfig */,
				27057838E3CF1A5FE8BAAC6F /* Pods-AVLightingToolkit.release.xcconfig */,
				6FDE02D8E8A7FA62AB668ECC /* Pods-AVLightingToolkitTests.debug.xcconfig */,
				DDB72F21DB916486523787BD /* Pods-AVLightingToolkitTests.release.xcconfig */,
				E9287E1300DC0EE6F6A07950 /* Pods-AVLightingToolkitUITests.debug.xcconfig */,
				924EB9446E16DB4F7C456D38 /* Pods-AVLightingToolkitUITests.release.xcconfig */,
			);
			name = Pods;
			sourceTree = "<group>";
		};
		5A9246132224DBA300DF9037 /* SupportingLibraries */ = {
			isa = PBXGroup;
			children = (
				5A9246142224DDA600DF9037 /* EFColorComponentView.swift */,
				5A9246162224DDA600DF9037 /* EFColorSelectionView.swift */,
				5A9246192224DDA700DF9037 /* EFColorSelectionViewController.swift */,
				5A92461E2224DDA700DF9037 /* EFColorUtils.swift */,
				5A92461C2224DDA700DF9037 /* EFColorView.swift */,
				5A9246172224DDA700DF9037 /* EFColorWheelView.swift */,
				5A9246152224DDA600DF9037 /* EFControl.swift */,
				5A92461D2224DDA700DF9037 /* EFHSBView.swift */,
				5A9246182224DDA700DF9037 /* EFRGBView.swift */,
				5A92461A2224DDA700DF9037 /* EFSliderView.swift */,
				5A92461B2224DDA700DF9037 /* EFThumbView.swift */,
			);
			path = SupportingLibraries;
			sourceTree = "<group>";
		};
		7E5AF15A21DDA4C4009AD327 /* ViewModel */ = {
			isa = PBXGroup;
			children = (
				7ED0979321DC76BE00F4A13B /* ContextViewModel.swift */,
				7ED0979521DCD57000F4A13B /* LightPatternViewModel.swift */,
			);
			path = ViewModel;
			sourceTree = "<group>";
		};
		7E5AF15B21DDA4F1009AD327 /* View */ = {
			isa = PBXGroup;
			children = (
				7E86427921ED907200DEE207 /* ColorPaletteVC.xib */,
				7E86427B21EDB3D000DEE207 /* ColorPaletteEditView.xib */,
				7E2AD8C521DF83B3006469D5 /* AllLightPatternTableViewCell.swift */,
				7E86427121ED56D300DEE207 /* ColorPaletteView.swift */,
				7E86427D21EDB54600DEE207 /* ColorPaletteEditView.swift */,
				7E2AD8C321DF8384006469D5 /* AddLightPatternToContextTableViewCell.swift */,
				7E2AD8C121DF835C006469D5 /* LightPatternTableViewCell.swift */,
				7E5AF16021DDAF1B009AD327 /* MasterListTableVIewCell.swift */,
				7E69890D21C21E7B00BDBE8C /* ContextHeaderView.xib */,
				7E86427321ED57B100DEE207 /* ColorPaletteView.xib */,
				7ED93E0421BA1253008EC776 /* Main.storyboard */,
				7E69890B21C21E1F00BDBE8C /* ContextHeaderView.swift */,
				7E2AD8C721E0449A006469D5 /* EditLightPatternTableViewCell.swift */,
			);
			path = View;
			sourceTree = "<group>";
		};
		7E69890521C20C7A00BDBE8C /* ViewController */ = {
			isa = PBXGroup;
			children = (
				7E8D8BE821CB889F0051FF3B /* EditContextVC.swift */,
				7E1C3D0421D72DD700278D29 /* EditLightPatternVC.swift */,
				7ED93E0221BA1253008EC776 /* ContextLightPatternListVC.swift */,
				7E8D8BE621CB885F0051FF3B /* OverlayViewController.swift */,
				7E8D8BE421CB88560051FF3B /* UIViewController+HideKeyboard.swift */,
				7E5AF15C21DDA8BE009AD327 /* MasterVC.swift */,
				7E378BD421DDBA5D00E69B09 /* LightPatternVC.swift */,
				7E86427721ED8FBD00DEE207 /* ColorPaletteVC.swift */,
			);
			path = ViewController;
			sourceTree = "<group>";
		};
		7E69890621C20C9300BDBE8C /* DataModel */ = {
			isa = PBXGroup;
			children = (
				7ED946C721CBA3AC006A66A9 /* LightPattern+CoreDataClass.swift */,
				7ED946C821CBA3AC006A66A9 /* LightPattern+CoreDataProperties.swift */,
				7ED946C921CBA3AC006A66A9 /* Context+CoreDataClass.swift */,
				7ED946CA21CBA3AC006A66A9 /* Context+CoreDataProperties.swift */,
			);
			path = DataModel;
			sourceTree = "<group>";
		};
		7E8D8BDF21CB88180051FF3B /* Helper */ = {
			isa = PBXGroup;
			children = (
				7E41B028223FCACB00E63BC8 /* UDPBroadcast.h */,
				7E41B029223FCACB00E63BC8 /* UDPBroadcastConnection.swift */,
				7E73D32B21CF6100003A4C22 /* CoreDataStack.swift */,
				7E8D8BE021CB88180051FF3B /* ImageUtils.swift */,
				7EF0902B21D642F4002D7DBB /* LEDController.swift */,
				7E4F831021D8E90900188CE6 /* PersistentUtils.swift */,
				7E86427521ED5E8200DEE207 /* UIColor+CoreData.swift */,
				7E41B026223FC84700E63BC8 /* UnityCommunication.swift */,
			);
			path = Helper;
			sourceTree = "<group>";
		};
		7ED93DF421BA1252008EC776 = {
			isa = PBXGroup;
			children = (
				7ED93DFF21BA1253008EC776 /* AVLightingToolkit */,
				7ED93E1721BA1257008EC776 /* AVLightingToolkitTests */,
				7ED93E2221BA1257008EC776 /* AVLightingToolkitUITests */,
				7ED93DFE21BA1253008EC776 /* Products */,
				274DE2B114F8EADFE199A5B9 /* Pods */,
				1E79B181882EAF6FDA9E185C /* Frameworks */,
			);
			sourceTree = "<group>";
		};
		7ED93DFE21BA1253008EC776 /* Products */ = {
			isa = PBXGroup;
			children = (
				7ED93DFD21BA1253008EC776 /* AVLightingToolkit.app */,
				7ED93E1421BA1257008EC776 /* AVLightingToolkitTests.xctest */,
				7ED93E1F21BA1257008EC776 /* AVLightingToolkitUITests.xctest */,
			);
			name = Products;
			sourceTree = "<group>";
		};
		7ED93DFF21BA1253008EC776 /* AVLightingToolkit */ = {
			isa = PBXGroup;
			children = (
				5A9246132224DBA300DF9037 /* SupportingLibraries */,
				7ED93E0021BA1253008EC776 /* AppDelegate.swift */,
				7E8D8BDF21CB88180051FF3B /* Helper */,
				7E5AF15B21DDA4F1009AD327 /* View */,
				7E69890621C20C9300BDBE8C /* DataModel */,
				7E5AF15A21DDA4C4009AD327 /* ViewModel */,
				7E69890521C20C7A00BDBE8C /* ViewController */,
				7ED93E0C21BA1256008EC776 /* LaunchScreen.storyboard */,
				7ED93E0F21BA1256008EC776 /* Info.plist */,
				7ED93E0721BA1253008EC776 /* AVLightingToolkit.xcdatamodeld */,
				5A9245D12224C92000DF9037 /* Assets.xcassets */,
			);
			path = AVLightingToolkit;
			sourceTree = "<group>";
		};
		7ED93E1721BA1257008EC776 /* AVLightingToolkitTests */ = {
			isa = PBXGroup;
			children = (
				7ED93E1821BA1257008EC776 /* AVLightingToolkitTests.swift */,
				7ED93E1A21BA1257008EC776 /* Info.plist */,
			);
			path = AVLightingToolkitTests;
			sourceTree = "<group>";
		};
		7ED93E2221BA1257008EC776 /* AVLightingToolkitUITests */ = {
			isa = PBXGroup;
			children = (
				7ED93E2321BA1257008EC776 /* AVLightingToolkitUITests.swift */,
				7ED93E2521BA1257008EC776 /* Info.plist */,
			);
			path = AVLightingToolkitUITests;
			sourceTree = "<group>";
		};
/* End PBXGroup section */

/* Begin PBXNativeTarget section */
		7ED93DFC21BA1252008EC776 /* AVLightingToolkit */ = {
			isa = PBXNativeTarget;
			buildConfigurationList = 7ED93E2821BA1257008EC776 /* Build configuration list for PBXNativeTarget "AVLightingToolkit" */;
			buildPhases = (
				FF084474CBC826416F8C2E20 /* [CP] Check Pods Manifest.lock */,
				7ED93DF921BA1252008EC776 /* Sources */,
				7ED93DFA21BA1252008EC776 /* Frameworks */,
				7ED93DFB21BA1252008EC776 /* Resources */,
				29DD026FF101885202A27AEB /* [CP] Embed Pods Frameworks */,
			);
			buildRules = (
			);
			dependencies = (
			);
			name = AVLightingToolkit;
			productName = AVLightingToolkit;
			productReference = 7ED93DFD21BA1253008EC776 /* AVLightingToolkit.app */;
			productType = "com.apple.product-type.application";
		};
		7ED93E1321BA1257008EC776 /* AVLightingToolkitTests */ = {
			isa = PBXNativeTarget;
			buildConfigurationList = 7ED93E2B21BA1257008EC776 /* Build configuration list for PBXNativeTarget "AVLightingToolkitTests" */;
			buildPhases = (
				F9841812457AAC692F570802 /* [CP] Check Pods Manifest.lock */,
				7ED93E1021BA1257008EC776 /* Sources */,
				7ED93E1121BA1257008EC776 /* Frameworks */,
				7ED93E1221BA1257008EC776 /* Resources */,
			);
			buildRules = (
			);
			dependencies = (
				7ED93E1621BA1257008EC776 /* PBXTargetDependency */,
			);
			name = AVLightingToolkitTests;
			productName = AVLightingToolkitTests;
			productReference = 7ED93E1421BA1257008EC776 /* AVLightingToolkitTests.xctest */;
			productType = "com.apple.product-type.bundle.unit-test";
		};
		7ED93E1E21BA1257008EC776 /* AVLightingToolkitUITests */ = {
			isa = PBXNativeTarget;
			buildConfigurationList = 7ED93E2E21BA1257008EC776 /* Build configuration list for PBXNativeTarget "AVLightingToolkitUITests" */;
			buildPhases = (
				E9ED80B61E09EBE08FFDF4E0 /* [CP] Check Pods Manifest.lock */,
				7ED93E1B21BA1257008EC776 /* Sources */,
				7ED93E1C21BA1257008EC776 /* Frameworks */,
				7ED93E1D21BA1257008EC776 /* Resources */,
			);
			buildRules = (
			);
			dependencies = (
				7ED93E2121BA1257008EC776 /* PBXTargetDependency */,
			);
			name = AVLightingToolkitUITests;
			productName = AVLightingToolkitUITests;
			productReference = 7ED93E1F21BA1257008EC776 /* AVLightingToolkitUITests.xctest */;
			productType = "com.apple.product-type.bundle.ui-testing";
		};
/* End PBXNativeTarget section */

/* Begin PBXProject section */
		7ED93DF521BA1252008EC776 /* Project object */ = {
			isa = PBXProject;
			attributes = {
				LastSwiftUpdateCheck = 1010;
				LastUpgradeCheck = 1010;
				ORGANIZATIONNAME = "Marius Hoggenmüller";
				TargetAttributes = {
					7ED93DFC21BA1252008EC776 = {
						CreatedOnToolsVersion = 10.1;
					};
					7ED93E1321BA1257008EC776 = {
						CreatedOnToolsVersion = 10.1;
						TestTargetID = 7ED93DFC21BA1252008EC776;
					};
					7ED93E1E21BA1257008EC776 = {
						CreatedOnToolsVersion = 10.1;
						TestTargetID = 7ED93DFC21BA1252008EC776;
					};
				};
			};
			buildConfigurationList = 7ED93DF821BA1252008EC776 /* Build configuration list for PBXProject "AVLightingToolkit" */;
			compatibilityVersion = "Xcode 9.3";
			developmentRegion = en;
			hasScannedForEncodings = 0;
			knownRegions = (
				en,
				Base,
			);
			mainGroup = 7ED93DF421BA1252008EC776;
			productRefGroup = 7ED93DFE21BA1253008EC776 /* Products */;
			projectDirPath = "";
			projectRoot = "";
			targets = (
				7ED93DFC21BA1252008EC776 /* AVLightingToolkit */,
				7ED93E1321BA1257008EC776 /* AVLightingToolkitTests */,
				7ED93E1E21BA1257008EC776 /* AVLightingToolkitUITests */,
			);
		};
/* End PBXProject section */

/* Begin PBXResourcesBuildPhase section */
		7ED93DFB21BA1252008EC776 /* Resources */ = {
			isa = PBXResourcesBuildPhase;
			buildActionMask = 2147483647;
			files = (
				7E86427421ED57B100DEE207 /* ColorPaletteView.xib in Resources */,
				7ED93E0E21BA1256008EC776 /* LaunchScreen.storyboard in Resources */,
				7E69890E21C21E7B00BDBE8C /* ContextHeaderView.xib in Resources */,
				7ED93E0621BA1253008EC776 /* Main.storyboard in Resources */,
				5A9245D22224C92000DF9037 /* Assets.xcassets in Resources */,
				7E86427A21ED907200DEE207 /* ColorPaletteVC.xib in Resources */,
				7E86427C21EDB3D000DEE207 /* ColorPaletteEditView.xib in Resources */,
			);
			runOnlyForDeploymentPostprocessing = 0;
		};
		7ED93E1221BA1257008EC776 /* Resources */ = {
			isa = PBXResourcesBuildPhase;
			buildActionMask = 2147483647;
			files = (
			);
			runOnlyForDeploymentPostprocessing = 0;
		};
		7ED93E1D21BA1257008EC776 /* Resources */ = {
			isa = PBXResourcesBuildPhase;
			buildActionMask = 2147483647;
			files = (
			);
			runOnlyForDeploymentPostprocessing = 0;
		};
/* End PBXResourcesBuildPhase section */

/* Begin PBXShellScriptBuildPhase section */
		29DD026FF101885202A27AEB /* [CP] Embed Pods Frameworks */ = {
			isa = PBXShellScriptBuildPhase;
			buildActionMask = 2147483647;
			files = (
			);
			inputFileListPaths = (
			);
			inputPaths = (
				"${SRCROOT}/Pods/Target Support Files/Pods-AVLightingToolkit/Pods-AVLightingToolkit-frameworks.sh",
				"${BUILT_PRODUCTS_DIR}/Highlightr/Highlightr.framework",
				"${BUILT_PRODUCTS_DIR}/SwiftIcons/SwiftIcons.framework",
				"${BUILT_PRODUCTS_DIR}/SwiftSocket/SwiftSocket.framework",
				"${BUILT_PRODUCTS_DIR}/SwiftyJSON/SwiftyJSON.framework",
				"${BUILT_PRODUCTS_DIR}/Sync/Sync.framework",
			);
			name = "[CP] Embed Pods Frameworks";
			outputFileListPaths = (
			);
			outputPaths = (
				"${TARGET_BUILD_DIR}/${FRAMEWORKS_FOLDER_PATH}/Highlightr.framework",
				"${TARGET_BUILD_DIR}/${FRAMEWORKS_FOLDER_PATH}/SwiftIcons.framework",
				"${TARGET_BUILD_DIR}/${FRAMEWORKS_FOLDER_PATH}/SwiftSocket.framework",
				"${TARGET_BUILD_DIR}/${FRAMEWORKS_FOLDER_PATH}/SwiftyJSON.framework",
				"${TARGET_BUILD_DIR}/${FRAMEWORKS_FOLDER_PATH}/Sync.framework",
			);
			runOnlyForDeploymentPostprocessing = 0;
			shellPath = /bin/sh;
			shellScript = "\"${SRCROOT}/Pods/Target Support Files/Pods-AVLightingToolkit/Pods-AVLightingToolkit-frameworks.sh\"\n";
			showEnvVarsInLog = 0;
		};
		E9ED80B61E09EBE08FFDF4E0 /* [CP] Check Pods Manifest.lock */ = {
			isa = PBXShellScriptBuildPhase;
			buildActionMask = 2147483647;
			files = (
			);
			inputFileListPaths = (
			);
			inputPaths = (
				"${PODS_PODFILE_DIR_PATH}/Podfile.lock",
				"${PODS_ROOT}/Manifest.lock",
			);
			name = "[CP] Check Pods Manifest.lock";
			outputFileListPaths = (
			);
			outputPaths = (
				"$(DERIVED_FILE_DIR)/Pods-AVLightingToolkitUITests-checkManifestLockResult.txt",
			);
			runOnlyForDeploymentPostprocessing = 0;
			shellPath = /bin/sh;
			shellScript = "diff \"${PODS_PODFILE_DIR_PATH}/Podfile.lock\" \"${PODS_ROOT}/Manifest.lock\" > /dev/null\nif [ $? != 0 ] ; then\n    # print error to STDERR\n    echo \"error: The sandbox is not in sync with the Podfile.lock. Run 'pod install' or update your CocoaPods installation.\" >&2\n    exit 1\nfi\n# This output is used by Xcode 'outputs' to avoid re-running this script phase.\necho \"SUCCESS\" > \"${SCRIPT_OUTPUT_FILE_0}\"\n";
			showEnvVarsInLog = 0;
		};
		F9841812457AAC692F570802 /* [CP] Check Pods Manifest.lock */ = {
			isa = PBXShellScriptBuildPhase;
			buildActionMask = 2147483647;
			files = (
			);
			inputFileListPaths = (
			);
			inputPaths = (
				"${PODS_PODFILE_DIR_PATH}/Podfile.lock",
				"${PODS_ROOT}/Manifest.lock",
			);
			name = "[CP] Check Pods Manifest.lock";
			outputFileListPaths = (
			);
			outputPaths = (
				"$(DERIVED_FILE_DIR)/Pods-AVLightingToolkitTests-checkManifestLockResult.txt",
			);
			runOnlyForDeploymentPostprocessing = 0;
			shellPath = /bin/sh;
			shellScript = "diff \"${PODS_PODFILE_DIR_PATH}/Podfile.lock\" \"${PODS_ROOT}/Manifest.lock\" > /dev/null\nif [ $? != 0 ] ; then\n    # print error to STDERR\n    echo \"error: The sandbox is not in sync with the Podfile.lock. Run 'pod install' or update your CocoaPods installation.\" >&2\n    exit 1\nfi\n# This output is used by Xcode 'outputs' to avoid re-running this script phase.\necho \"SUCCESS\" > \"${SCRIPT_OUTPUT_FILE_0}\"\n";
			showEnvVarsInLog = 0;
		};
		FF084474CBC826416F8C2E20 /* [CP] Check Pods Manifest.lock */ = {
			isa = PBXShellScriptBuildPhase;
			buildActionMask = 2147483647;
			files = (
			);
			inputFileListPaths = (
			);
			inputPaths = (
				"${PODS_PODFILE_DIR_PATH}/Podfile.lock",
				"${PODS_ROOT}/Manifest.lock",
			);
			name = "[CP] Check Pods Manifest.lock";
			outputFileListPaths = (
			);
			outputPaths = (
				"$(DERIVED_FILE_DIR)/Pods-AVLightingToolkit-checkManifestLockResult.txt",
			);
			runOnlyForDeploymentPostprocessing = 0;
			shellPath = /bin/sh;
			shellScript = "diff \"${PODS_PODFILE_DIR_PATH}/Podfile.lock\" \"${PODS_ROOT}/Manifest.lock\" > /dev/null\nif [ $? != 0 ] ; then\n    # print error to STDERR\n    echo \"error: The sandbox is not in sync with the Podfile.lock. Run 'pod install' or update your CocoaPods installation.\" >&2\n    exit 1\nfi\n# This output is used by Xcode 'outputs' to avoid re-running this script phase.\necho \"SUCCESS\" > \"${SCRIPT_OUTPUT_FILE_0}\"\n";
			showEnvVarsInLog = 0;
		};
/* End PBXShellScriptBuildPhase section */

/* Begin PBXSourcesBuildPhase section */
		7ED93DF921BA1252008EC776 /* Sources */ = {
			isa = PBXSourcesBuildPhase;
			buildActionMask = 2147483647;
			files = (
				7ED0979421DC76BE00F4A13B /* ContextViewModel.swift in Sources */,
				7E4F831121D8E90900188CE6 /* PersistentUtils.swift in Sources */,
				7ED93E0321BA1253008EC776 /* ContextLightPatternListVC.swift in Sources */,
				7E86427621ED5E8200DEE207 /* UIColor+CoreData.swift in Sources */,
				7E2AD8C621DF83B3006469D5 /* AllLightPatternTableViewCell.swift in Sources */,
				7E2AD8C221DF835C006469D5 /* LightPatternTableViewCell.swift in Sources */,
				7E41B027223FC84700E63BC8 /* UnityCommunication.swift in Sources */,
				5A9246242224DDA700DF9037 /* EFColorSelectionViewController.swift in Sources */,
				7ED946CC21CBA3AC006A66A9 /* LightPattern+CoreDataProperties.swift in Sources */,
				7ED0979621DCD57000F4A13B /* LightPatternViewModel.swift in Sources */,
				5A9246272224DDA700DF9037 /* EFColorView.swift in Sources */,
				5A9246232224DDA700DF9037 /* EFRGBView.swift in Sources */,
				7ED946CE21CBA3AC006A66A9 /* Context+CoreDataProperties.swift in Sources */,
				7E86427221ED56D300DEE207 /* ColorPaletteView.swift in Sources */,
				7ED946CD21CBA3AC006A66A9 /* Context+CoreDataClass.swift in Sources */,
				5A9246292224DDA700DF9037 /* EFColorUtils.swift in Sources */,
				5A9246252224DDA700DF9037 /* EFSliderView.swift in Sources */,
				7ED93E0921BA1253008EC776 /* AVLightingToolkit.xcdatamodeld in Sources */,
				7E41B02A223FCACB00E63BC8 /* UDPBroadcastConnection.swift in Sources */,
				7EF0902C21D642F4002D7DBB /* LEDController.swift in Sources */,
				7E5AF16121DDAF1B009AD327 /* MasterListTableVIewCell.swift in Sources */,
				7E8D8BE521CB88560051FF3B /* UIViewController+HideKeyboard.swift in Sources */,
				5A9246262224DDA700DF9037 /* EFThumbView.swift in Sources */,
				7E8D8BE721CB885F0051FF3B /* OverlayViewController.swift in Sources */,
				5A9246282224DDA700DF9037 /* EFHSBView.swift in Sources */,
				7E378BD521DDBA5D00E69B09 /* LightPatternVC.swift in Sources */,
				5A9246222224DDA700DF9037 /* EFColorWheelView.swift in Sources */,
				5A92461F2224DDA700DF9037 /* EFColorComponentView.swift in Sources */,
				7ED946CB21CBA3AC006A66A9 /* LightPattern+CoreDataClass.swift in Sources */,
				7E69890C21C21E1F00BDBE8C /* ContextHeaderView.swift in Sources */,
				5A9246212224DDA700DF9037 /* EFColorSelectionView.swift in Sources */,
				7E73D32C21CF6100003A4C22 /* CoreDataStack.swift in Sources */,
				5A9246202224DDA700DF9037 /* EFControl.swift in Sources */,
				7E2AD8C421DF8384006469D5 /* AddLightPatternToContextTableViewCell.swift in Sources */,
				7E1C3D0521D72DD700278D29 /* EditLightPatternVC.swift in Sources */,
				7E86427821ED8FBD00DEE207 /* ColorPaletteVC.swift in Sources */,
				7E86427E21EDB54600DEE207 /* ColorPaletteEditView.swift in Sources */,
				7ED93E0121BA1253008EC776 /* AppDelegate.swift in Sources */,
				7E8D8BE921CB889F0051FF3B /* EditContextVC.swift in Sources */,
				7E5AF15D21DDA8BE009AD327 /* MasterVC.swift in Sources */,
				7E2AD8C821E0449A006469D5 /* EditLightPatternTableViewCell.swift in Sources */,
				7E8D8BE221CB88180051FF3B /* ImageUtils.swift in Sources */,
			);
			runOnlyForDeploymentPostprocessing = 0;
		};
		7ED93E1021BA1257008EC776 /* Sources */ = {
			isa = PBXSourcesBuildPhase;
			buildActionMask = 2147483647;
			files = (
				7ED93E1921BA1257008EC776 /* AVLightingToolkitTests.swift in Sources */,
			);
			runOnlyForDeploymentPostprocessing = 0;
		};
		7ED93E1B21BA1257008EC776 /* Sources */ = {
			isa = PBXSourcesBuildPhase;
			buildActionMask = 2147483647;
			files = (
				7ED93E2421BA1257008EC776 /* AVLightingToolkitUITests.swift in Sources */,
			);
			runOnlyForDeploymentPostprocessing = 0;
		};
/* End PBXSourcesBuildPhase section */

/* Begin PBXTargetDependency section */
		7ED93E1621BA1257008EC776 /* PBXTargetDependency */ = {
			isa = PBXTargetDependency;
			target = 7ED93DFC21BA1252008EC776 /* AVLightingToolkit */;
			targetProxy = 7ED93E1521BA1257008EC776 /* PBXContainerItemProxy */;
		};
		7ED93E2121BA1257008EC776 /* PBXTargetDependency */ = {
			isa = PBXTargetDependency;
			target = 7ED93DFC21BA1252008EC776 /* AVLightingToolkit */;
			targetProxy = 7ED93E2021BA1257008EC776 /* PBXContainerItemProxy */;
		};
/* End PBXTargetDependency section */

/* Begin PBXVariantGroup section */
		7ED93E0421BA1253008EC776 /* Main.storyboard */ = {
			isa = PBXVariantGroup;
			children = (
				7ED93E0521BA1253008EC776 /* Base */,
			);
			name = Main.storyboard;
			sourceTree = "<group>";
		};
		7ED93E0C21BA1256008EC776 /* LaunchScreen.storyboard */ = {
			isa = PBXVariantGroup;
			children = (
				7ED93E0D21BA1256008EC776 /* Base */,
			);
			name = LaunchScreen.storyboard;
			sourceTree = "<group>";
		};
/* End PBXVariantGroup section */

/* Begin XCBuildConfiguration section */
		7ED93E2621BA1257008EC776 /* Debug */ = {
			isa = XCBuildConfiguration;
			buildSettings = {
				ALWAYS_SEARCH_USER_PATHS = NO;
				CLANG_ANALYZER_NONNULL = YES;
				CLANG_ANALYZER_NUMBER_OBJECT_CONVERSION = YES_AGGRESSIVE;
				CLANG_CXX_LANGUAGE_STANDARD = "gnu++14";
				CLANG_CXX_LIBRARY = "libc++";
				CLANG_ENABLE_MODULES = YES;
				CLANG_ENABLE_OBJC_ARC = YES;
				CLANG_ENABLE_OBJC_WEAK = YES;
				CLANG_WARN_BLOCK_CAPTURE_AUTORELEASING = YES;
				CLANG_WARN_BOOL_CONVERSION = YES;
				CLANG_WARN_COMMA = YES;
				CLANG_WARN_CONSTANT_CONVERSION = YES;
				CLANG_WARN_DEPRECATED_OBJC_IMPLEMENTATIONS = YES;
				CLANG_WARN_DIRECT_OBJC_ISA_USAGE = YES_ERROR;
				CLANG_WARN_DOCUMENTATION_COMMENTS = YES;
				CLANG_WARN_EMPTY_BODY = YES;
				CLANG_WARN_ENUM_CONVERSION = YES;
				CLANG_WARN_INFINITE_RECURSION = YES;
				CLANG_WARN_INT_CONVERSION = YES;
				CLANG_WARN_NON_LITERAL_NULL_CONVERSION = YES;
				CLANG_WARN_OBJC_IMPLICIT_RETAIN_SELF = YES;
				CLANG_WARN_OBJC_LITERAL_CONVERSION = YES;
				CLANG_WARN_OBJC_ROOT_CLASS = YES_ERROR;
				CLANG_WARN_RANGE_LOOP_ANALYSIS = YES;
				CLANG_WARN_STRICT_PROTOTYPES = YES;
				CLANG_WARN_SUSPICIOUS_MOVE = YES;
				CLANG_WARN_UNGUARDED_AVAILABILITY = YES_AGGRESSIVE;
				CLANG_WARN_UNREACHABLE_CODE = YES;
				CLANG_WARN__DUPLICATE_METHOD_MATCH = YES;
				CODE_SIGN_IDENTITY = "iPhone Developer";
				COPY_PHASE_STRIP = NO;
				DEBUG_INFORMATION_FORMAT = dwarf;
				ENABLE_STRICT_OBJC_MSGSEND = YES;
				ENABLE_TESTABILITY = YES;
				GCC_C_LANGUAGE_STANDARD = gnu11;
				GCC_DYNAMIC_NO_PIC = NO;
				GCC_NO_COMMON_BLOCKS = YES;
				GCC_OPTIMIZATION_LEVEL = 0;
				GCC_PREPROCESSOR_DEFINITIONS = (
					"DEBUG=1",
					"$(inherited)",
					HAVE_CONFIG_H,
				);
				GCC_WARN_64_TO_32_BIT_CONVERSION = YES;
				GCC_WARN_ABOUT_RETURN_TYPE = YES_ERROR;
				GCC_WARN_UNDECLARED_SELECTOR = YES;
				GCC_WARN_UNINITIALIZED_AUTOS = YES_AGGRESSIVE;
				GCC_WARN_UNUSED_FUNCTION = YES;
				GCC_WARN_UNUSED_VARIABLE = YES;
				HEADER_SEARCH_PATHS = "Vendor/**";
				IPHONEOS_DEPLOYMENT_TARGET = 12.1;
				MTL_ENABLE_DEBUG_INFO = INCLUDE_SOURCE;
				MTL_FAST_MATH = YES;
				ONLY_ACTIVE_ARCH = YES;
				SDKROOT = iphoneos;
				SWIFT_ACTIVE_COMPILATION_CONDITIONS = DEBUG;
				SWIFT_OBJC_BRIDGING_HEADER = "";
				SWIFT_OPTIMIZATION_LEVEL = "-Onone";
			};
			name = Debug;
		};
		7ED93E2721BA1257008EC776 /* Release */ = {
			isa = XCBuildConfiguration;
			buildSettings = {
				ALWAYS_SEARCH_USER_PATHS = NO;
				CLANG_ANALYZER_NONNULL = YES;
				CLANG_ANALYZER_NUMBER_OBJECT_CONVERSION = YES_AGGRESSIVE;
				CLANG_CXX_LANGUAGE_STANDARD = "gnu++14";
				CLANG_CXX_LIBRARY = "libc++";
				CLANG_ENABLE_MODULES = YES;
				CLANG_ENABLE_OBJC_ARC = YES;
				CLANG_ENABLE_OBJC_WEAK = YES;
				CLANG_WARN_BLOCK_CAPTURE_AUTORELEASING = YES;
				CLANG_WARN_BOOL_CONVERSION = YES;
				CLANG_WARN_COMMA = YES;
				CLANG_WARN_CONSTANT_CONVERSION = YES;
				CLANG_WARN_DEPRECATED_OBJC_IMPLEMENTATIONS = YES;
				CLANG_WARN_DIRECT_OBJC_ISA_USAGE = YES_ERROR;
				CLANG_WARN_DOCUMENTATION_COMMENTS = YES;
				CLANG_WARN_EMPTY_BODY = YES;
				CLANG_WARN_ENUM_CONVERSION = YES;
				CLANG_WARN_INFINITE_RECURSION = YES;
				CLANG_WARN_INT_CONVERSION = YES;
				CLANG_WARN_NON_LITERAL_NULL_CONVERSION = YES;
				CLANG_WARN_OBJC_IMPLICIT_RETAIN_SELF = YES;
				CLANG_WARN_OBJC_LITERAL_CONVERSION = YES;
				CLANG_WARN_OBJC_ROOT_CLASS = YES_ERROR;
				CLANG_WARN_RANGE_LOOP_ANALYSIS = YES;
				CLANG_WARN_STRICT_PROTOTYPES = YES;
				CLANG_WARN_SUSPICIOUS_MOVE = YES;
				CLANG_WARN_UNGUARDED_AVAILABILITY = YES_AGGRESSIVE;
				CLANG_WARN_UNREACHABLE_CODE = YES;
				CLANG_WARN__DUPLICATE_METHOD_MATCH = YES;
				CODE_SIGN_IDENTITY = "iPhone Developer";
				COPY_PHASE_STRIP = NO;
				DEBUG_INFORMATION_FORMAT = "dwarf-with-dsym";
				ENABLE_NS_ASSERTIONS = NO;
				ENABLE_STRICT_OBJC_MSGSEND = YES;
				GCC_C_LANGUAGE_STANDARD = gnu11;
				GCC_NO_COMMON_BLOCKS = YES;
				GCC_PREPROCESSOR_DEFINITIONS = HAVE_CONFIG_H;
				GCC_WARN_64_TO_32_BIT_CONVERSION = YES;
				GCC_WARN_ABOUT_RETURN_TYPE = YES_ERROR;
				GCC_WARN_UNDECLARED_SELECTOR = YES;
				GCC_WARN_UNINITIALIZED_AUTOS = YES_AGGRESSIVE;
				GCC_WARN_UNUSED_FUNCTION = YES;
				GCC_WARN_UNUSED_VARIABLE = YES;
				HEADER_SEARCH_PATHS = "Vendor/**";
				IPHONEOS_DEPLOYMENT_TARGET = 12.1;
				MTL_ENABLE_DEBUG_INFO = NO;
				MTL_FAST_MATH = YES;
				SDKROOT = iphoneos;
				SWIFT_COMPILATION_MODE = wholemodule;
				SWIFT_OBJC_BRIDGING_HEADER = "";
				SWIFT_OPTIMIZATION_LEVEL = "-O";
				VALIDATE_PRODUCT = YES;
			};
			name = Release;
		};
		7ED93E2921BA1257008EC776 /* Debug */ = {
			isa = XCBuildConfiguration;
			baseConfigurationReference = 2DEBE18874CC444EFC1B3C88 /* Pods-AVLightingToolkit.debug.xcconfig */;
			buildSettings = {
				ASSETCATALOG_COMPILER_APPICON_NAME = AppIcon;
				CODE_SIGN_IDENTITY = "iPhone Developer";
				CODE_SIGN_STYLE = Automatic;
				DEVELOPMENT_TEAM = WB7BKJ2L9D;
				INFOPLIST_FILE = AVLightingToolkit/Info.plist;
				LD_RUNPATH_SEARCH_PATHS = (
					"$(inherited)",
					"@executable_path/Frameworks",
				);
				PRODUCT_BUNDLE_IDENTIFIER = HoggenMari.AVLightingToolkit;
				PRODUCT_NAME = "$(TARGET_NAME)";
				PROVISIONING_PROFILE_SPECIFIER = "";
				SWIFT_VERSION = 4.2;
				TARGETED_DEVICE_FAMILY = 2;
			};
			name = Debug;
		};
		7ED93E2A21BA1257008EC776 /* Release */ = {
			isa = XCBuildConfiguration;
			baseConfigurationReference = 27057838E3CF1A5FE8BAAC6F /* Pods-AVLightingToolkit.release.xcconfig */;
			buildSettings = {
				ASSETCATALOG_COMPILER_APPICON_NAME = AppIcon;
				CODE_SIGN_IDENTITY = "iPhone Developer";
				CODE_SIGN_STYLE = Automatic;
				DEVELOPMENT_TEAM = WB7BKJ2L9D;
				INFOPLIST_FILE = AVLightingToolkit/Info.plist;
				LD_RUNPATH_SEARCH_PATHS = (
					"$(inherited)",
					"@executable_path/Frameworks",
				);
				PRODUCT_BUNDLE_IDENTIFIER = HoggenMari.AVLightingToolkit;
				PRODUCT_NAME = "$(TARGET_NAME)";
				PROVISIONING_PROFILE_SPECIFIER = "";
				SWIFT_VERSION = 4.2;
				TARGETED_DEVICE_FAMILY = 2;
			};
			name = Release;
		};
		7ED93E2C21BA1257008EC776 /* Debug */ = {
			isa = XCBuildConfiguration;
			baseConfigurationReference = 6FDE02D8E8A7FA62AB668ECC /* Pods-AVLightingToolkitTests.debug.xcconfig */;
			buildSettings = {
				ALWAYS_EMBED_SWIFT_STANDARD_LIBRARIES = YES;
				BUNDLE_LOADER = "$(TEST_HOST)";
				CODE_SIGN_STYLE = Automatic;
				DEVELOPMENT_TEAM = WB7BKJ2L9D;
				INFOPLIST_FILE = AVLightingToolkitTests/Info.plist;
				LD_RUNPATH_SEARCH_PATHS = (
					"$(inherited)",
					"@executable_path/Frameworks",
					"@loader_path/Frameworks",
				);
				PRODUCT_BUNDLE_IDENTIFIER = marius.AVLightingToolkitTests;
				PRODUCT_NAME = "$(TARGET_NAME)";
				SWIFT_VERSION = 4.2;
				TARGETED_DEVICE_FAMILY = "1,2";
				TEST_HOST = "$(BUILT_PRODUCTS_DIR)/AVLightingToolkit.app/AVLightingToolkit";
			};
			name = Debug;
		};
		7ED93E2D21BA1257008EC776 /* Release */ = {
			isa = XCBuildConfiguration;
			baseConfigurationReference = DDB72F21DB916486523787BD /* Pods-AVLightingToolkitTests.release.xcconfig */;
			buildSettings = {
				ALWAYS_EMBED_SWIFT_STANDARD_LIBRARIES = YES;
				BUNDLE_LOADER = "$(TEST_HOST)";
				CODE_SIGN_STYLE = Automatic;
				DEVELOPMENT_TEAM = WB7BKJ2L9D;
				INFOPLIST_FILE = AVLightingToolkitTests/Info.plist;
				LD_RUNPATH_SEARCH_PATHS = (
					"$(inherited)",
					"@executable_path/Frameworks",
					"@loader_path/Frameworks",
				);
				PRODUCT_BUNDLE_IDENTIFIER = marius.AVLightingToolkitTests;
				PRODUCT_NAME = "$(TARGET_NAME)";
				SWIFT_VERSION = 4.2;
				TARGETED_DEVICE_FAMILY = "1,2";
				TEST_HOST = "$(BUILT_PRODUCTS_DIR)/AVLightingToolkit.app/AVLightingToolkit";
			};
			name = Release;
		};
		7ED93E2F21BA1257008EC776 /* Debug */ = {
			isa = XCBuildConfiguration;
			baseConfigurationReference = E9287E1300DC0EE6F6A07950 /* Pods-AVLightingToolkitUITests.debug.xcconfig */;
			buildSettings = {
				ALWAYS_EMBED_SWIFT_STANDARD_LIBRARIES = YES;
				CODE_SIGN_STYLE = Automatic;
				DEVELOPMENT_TEAM = WB7BKJ2L9D;
				INFOPLIST_FILE = AVLightingToolkitUITests/Info.plist;
				LD_RUNPATH_SEARCH_PATHS = (
					"$(inherited)",
					"@executable_path/Frameworks",
					"@loader_path/Frameworks",
				);
				PRODUCT_BUNDLE_IDENTIFIER = marius.AVLightingToolkitUITests;
				PRODUCT_NAME = "$(TARGET_NAME)";
				SWIFT_VERSION = 4.2;
				TARGETED_DEVICE_FAMILY = "1,2";
				TEST_TARGET_NAME = AVLightingToolkit;
			};
			name = Debug;
		};
		7ED93E3021BA1257008EC776 /* Release */ = {
			isa = XCBuildConfiguration;
			baseConfigurationReference = 924EB9446E16DB4F7C456D38 /* Pods-AVLightingToolkitUITests.release.xcconfig */;
			buildSettings = {
				ALWAYS_EMBED_SWIFT_STANDARD_LIBRARIES = YES;
				CODE_SIGN_STYLE = Automatic;
				DEVELOPMENT_TEAM = WB7BKJ2L9D;
				INFOPLIST_FILE = AVLightingToolkitUITests/Info.plist;
				LD_RUNPATH_SEARCH_PATHS = (
					"$(inherited)",
					"@executable_path/Frameworks",
					"@loader_path/Frameworks",
				);
				PRODUCT_BUNDLE_IDENTIFIER = marius.AVLightingToolkitUITests;
				PRODUCT_NAME = "$(TARGET_NAME)";
				SWIFT_VERSION = 4.2;
				TARGETED_DEVICE_FAMILY = "1,2";
				TEST_TARGET_NAME = AVLightingToolkit;
			};
			name = Release;
		};
/* End XCBuildConfiguration section */

/* Begin XCConfigurationList section */
		7ED93DF821BA1252008EC776 /* Build configuration list for PBXProject "AVLightingToolkit" */ = {
			isa = XCConfigurationList;
			buildConfigurations = (
				7ED93E2621BA1257008EC776 /* Debug */,
				7ED93E2721BA1257008EC776 /* Release */,
			);
			defaultConfigurationIsVisible = 0;
			defaultConfigurationName = Release;
		};
		7ED93E2821BA1257008EC776 /* Build configuration list for PBXNativeTarget "AVLightingToolkit" */ = {
			isa = XCConfigurationList;
			buildConfigurations = (
				7ED93E2921BA1257008EC776 /* Debug */,
				7ED93E2A21BA1257008EC776 /* Release */,
			);
			defaultConfigurationIsVisible = 0;
			defaultConfigurationName = Release;
		};
		7ED93E2B21BA1257008EC776 /* Build configuration list for PBXNativeTarget "AVLightingToolkitTests" */ = {
			isa = XCConfigurationList;
			buildConfigurations = (
				7ED93E2C21BA1257008EC776 /* Debug */,
				7ED93E2D21BA1257008EC776 /* Release */,
			);
			defaultConfigurationIsVisible = 0;
			defaultConfigurationName = Release;
		};
		7ED93E2E21BA1257008EC776 /* Build configuration list for PBXNativeTarget "AVLightingToolkitUITests" */ = {
			isa = XCConfigurationList;
			buildConfigurations = (
				7ED93E2F21BA1257008EC776 /* Debug */,
				7ED93E3021BA1257008EC776 /* Release */,
			);
			defaultConfigurationIsVisible = 0;
			defaultConfigurationName = Release;
		};
/* End XCConfigurationList section */

/* Begin XCVersionGroup section */
		7ED93E0721BA1253008EC776 /* AVLightingToolkit.xcdatamodeld */ = {
			isa = XCVersionGroup;
			children = (
				7ED93E0821BA1253008EC776 /* AVLightingToolkit.xcdatamodel */,
			);
			currentVersion = 7ED93E0821BA1253008EC776 /* AVLightingToolkit.xcdatamodel */;
			path = AVLightingToolkit.xcdatamodeld;
			sourceTree = "<group>";
			versionGroupType = wrapper.xcdatamodel;
		};
/* End XCVersionGroup section */
	};
	rootObject = 7ED93DF521BA1252008EC776 /* Project object */;
}
